
Microsoft Visual Studio Solution File, Format Version 12.00
# Visual Studio Version 17
VisualStudioVersion = 17.6.33815.320
MinimumVisualStudioVersion = 10.0.40219.1
Project("{9A19103F-16F7-4668-BE54-9A1E7A4F7556}") = "TaskMaster", "TaskMaster\TaskMaster.csproj", "{45479FC6-6AF3-49C7-9B5C-CAE9A86FEACF}"
EndProject
Project("{E53339B2-1760-4266-BCC7-CA923CBCF16C}") = "docker-compose", "docker-compose.dcproj", "{C74E40DD-3126-4FA0-9100-74F111823B06}"
EndProject
Global
	GlobalSection(SolutionConfigurationPlatforms) = preSolution
		Debug|Any CPU = Debug|Any CPU
		Release|Any CPU = Release|Any CPU
	EndGlobalSection
	GlobalSection(ProjectConfigurationPlatforms) = postSolution
		{45479FC6-6AF3-49C7-9B5C-CAE9A86FEACF}.Debug|Any CPU.ActiveCfg = Debug|Any CPU
		{45479FC6-6AF3-49C7-9B5C-CAE9A86FEACF}.Debug|Any CPU.Build.0 = Debug|Any CPU
		{45479FC6-6AF3-49C7-9B5C-CAE9A86FEACF}.Release|Any CPU.ActiveCfg = Release|Any CPU
		{45479FC6-6AF3-49C7-9B5C-CAE9A86FEACF}.Release|Any CPU.Build.0 = Release|Any CPU
		{C74E40DD-3126-4FA0-9100-74F111823B06}.Debug|Any CPU.ActiveCfg = Debug|Any CPU
		{C74E40DD-3126-4FA0-9100-74F111823B06}.Debug|Any CPU.Build.0 = Debug|Any CPU
		{C74E40DD-3126-4FA0-9100-74F111823B06}.Release|Any CPU.ActiveCfg = Release|Any CPU
		{C74E40DD-3126-4FA0-9100-74F111823B06}.Release|Any CPU.Build.0 = Release|Any CPU
	EndGlobalSection
	GlobalSection(SolutionProperties) = preSolution
		HideSolutionNode = FALSE
	EndGlobalSection
	GlobalSection(ExtensibilityGlobals) = postSolution
		SolutionGuid = {A4B3C8BC-4DDF-4042-A2DE-279B4D592A66}
	EndGlobalSection
EndGlobal
